
Microsoft Visual Studio Solution File, Format Version 12.00
# Visual Studio Version 17
VisualStudioVersion = 17.14.36327.8 d17.14
MinimumVisualStudioVersion = 10.0.40219.1
Project("{FAE04EC0-301F-11D3-BF4B-00C04F79EFBC}") = "Ejercio#1 linQ", "Ejercio#1 linQ\Ejercio#1 linQ.csproj", "{8E58EF92-06E3-4451-8AF5-FBB1C4917912}"
EndProject
Global
	GlobalSection(SolutionConfigurationPlatforms) = preSolution
		Debug|Any CPU = Debug|Any CPU
		Release|Any CPU = Release|Any CPU
	EndGlobalSection
	GlobalSection(ProjectConfigurationPlatforms) = postSolution
		{8E58EF92-06E3-4451-8AF5-FBB1C4917912}.Debug|Any CPU.ActiveCfg = Debug|Any CPU
		{8E58EF92-06E3-4451-8AF5-FBB1C4917912}.Debug|Any CPU.Build.0 = Debug|Any CPU
		{8E58EF92-06E3-4451-8AF5-FBB1C4917912}.Release|Any CPU.ActiveCfg = Release|Any CPU
		{8E58EF92-06E3-4451-8AF5-FBB1C4917912}.Release|Any CPU.Build.0 = Release|Any CPU
	EndGlobalSection
	GlobalSection(SolutionProperties) = preSolution
		HideSolutionNode = FALSE
	EndGlobalSection
	GlobalSection(ExtensibilityGlobals) = postSolution
		SolutionGuid = {B16C65F8-BFED-44DD-A1C4-44946E968F86}
	EndGlobalSection
EndGlobal
